<?xml version="1.0" encoding="utf-8"?>
<Project ToolsVersion="4.0" xmlns="http://schemas.microsoft.com/developer/msbuild/2003">
  <ItemGroup>
    <Filter Include="system">
      <UniqueIdentifier>{22dd8095-74f9-46df-81a1-36675a040b1f}</UniqueIdentifier>
    </Filter>
    <Filter Include="Enemy">
      <UniqueIdentifier>{4f517006-5b1a-4c70-9182-38aa79aa37b6}</UniqueIdentifier>
    </Filter>
    <Filter Include="Sound">
      <UniqueIdentifier>{f930d111-89f5-48a3-a365-673c7e2b7a53}</UniqueIdentifier>
    </Filter>
    <Filter Include="Effect">
      <UniqueIdentifier>{9c07c575-99f0-4937-901c-cc0c8b3ba18e}</UniqueIdentifier>
    </Filter>
  </ItemGroup>
  <ItemGroup>
    <ClCompile Include="stdafx.cpp" />
    <ClCompile Include="main.cpp" />
    <ClCompile Include="system\system.cpp">
      <Filter>system</Filter>
    </ClCompile>
    <ClCompile Include="Game.cpp" />
    <ClCompile Include="Player.cpp" />
    <ClCompile Include="GameCamera.cpp" />
    <ClCompile Include="Slow.cpp" />
    <ClCompile Include="Cannon.cpp" />
    <ClCompile Include="Enemy.cpp">
      <Filter>Enemy</Filter>
    </ClCompile>
    <ClCompile Include="ShootEnemy.cpp">
      <Filter>Enemy</Filter>
    </ClCompile>
    <ClCompile Include="CannonBall.cpp">
      <Filter>Enemy</Filter>
    </ClCompile>
    <ClCompile Include="Sound.cpp">
      <Filter>Sound</Filter>
    </ClCompile>
    <ClCompile Include="Spider.cpp">
      <Filter>Enemy</Filter>
    </ClCompile>
    <ClCompile Include="EffectManage.cpp">
      <Filter>Effect</Filter>
    </ClCompile>
    <ClCompile Include="Title.cpp" />
    <ClCompile Include="Result.cpp" />
  </ItemGroup>
  <ItemGroup>
    <ClInclude Include="stdafx.h" />
    <ClInclude Include="system\system.h">
      <Filter>system</Filter>
    </ClInclude>
    <ClInclude Include="Game.h" />
    <ClInclude Include="Player.h" />
    <ClInclude Include="GameCamera.h" />
    <ClInclude Include="Slow.h" />
    <ClInclude Include="Cannon.h" />
    <ClInclude Include="Enemy.h">
      <Filter>Enemy</Filter>
    </ClInclude>
    <ClInclude Include="ShootEnemy.h">
      <Filter>Enemy</Filter>
    </ClInclude>
    <ClInclude Include="CannonBall.h">
      <Filter>Enemy</Filter>
    </ClInclude>
    <ClInclude Include="Sound.h">
      <Filter>Sound</Filter>
    </ClInclude>
    <ClInclude Include="Spider.h">
      <Filter>Enemy</Filter>
    </ClInclude>
    <ClInclude Include="EffectManage.h">
      <Filter>Effect</Filter>
    </ClInclude>
    <ClInclude Include="Title.h" />
    <ClInclude Include="Result.h" />
  </ItemGroup>
</Project>